
Microsoft Visual Studio Solution File, Format Version 12.00
# Visual Studio Version 17
VisualStudioVersion = 17.6.33723.286
MinimumVisualStudioVersion = 10.0.40219.1
Project("{9A19103F-16F7-4668-BE54-9A1E7A4F7556}") = "Domain", "Domain\Domain.csproj", "{584BA67F-6921-41E1-A0B5-4B9A3D5CCB00}"
EndProject
Project("{9A19103F-16F7-4668-BE54-9A1E7A4F7556}") = "Infrastructure", "Infrastructure\Infrastructure.csproj", "{2DF6F803-694D-4231-9F90-67141B004DEF}"
EndProject
Project("{9A19103F-16F7-4668-BE54-9A1E7A4F7556}") = "WebApp", "WebApp\WebApp.csproj", "{066EC5F7-362E-423B-A5B7-585FEF1D38E6}"
EndProject
Global
	GlobalSection(SolutionConfigurationPlatforms) = preSolution
		Debug|Any CPU = Debug|Any CPU
		Release|Any CPU = Release|Any CPU
	EndGlobalSection
	GlobalSection(ProjectConfigurationPlatforms) = postSolution
		{584BA67F-6921-41E1-A0B5-4B9A3D5CCB00}.Debug|Any CPU.ActiveCfg = Debug|Any CPU
		{584BA67F-6921-41E1-A0B5-4B9A3D5CCB00}.Debug|Any CPU.Build.0 = Debug|Any CPU
		{584BA67F-6921-41E1-A0B5-4B9A3D5CCB00}.Release|Any CPU.ActiveCfg = Release|Any CPU
		{584BA67F-6921-41E1-A0B5-4B9A3D5CCB00}.Release|Any CPU.Build.0 = Release|Any CPU
		{2DF6F803-694D-4231-9F90-67141B004DEF}.Debug|Any CPU.ActiveCfg = Debug|Any CPU
		{2DF6F803-694D-4231-9F90-67141B004DEF}.Debug|Any CPU.Build.0 = Debug|Any CPU
		{2DF6F803-694D-4231-9F90-67141B004DEF}.Release|Any CPU.ActiveCfg = Release|Any CPU
		{2DF6F803-694D-4231-9F90-67141B004DEF}.Release|Any CPU.Build.0 = Release|Any CPU
		{066EC5F7-362E-423B-A5B7-585FEF1D38E6}.Debug|Any CPU.ActiveCfg = Debug|Any CPU
		{066EC5F7-362E-423B-A5B7-585FEF1D38E6}.Debug|Any CPU.Build.0 = Debug|Any CPU
		{066EC5F7-362E-423B-A5B7-585FEF1D38E6}.Release|Any CPU.ActiveCfg = Release|Any CPU
		{066EC5F7-362E-423B-A5B7-585FEF1D38E6}.Release|Any CPU.Build.0 = Release|Any CPU
	EndGlobalSection
	GlobalSection(SolutionProperties) = preSolution
		HideSolutionNode = FALSE
	EndGlobalSection
	GlobalSection(ExtensibilityGlobals) = postSolution
		SolutionGuid = {6716D3AD-FB18-4C7B-ACBC-08BB32B9D1A3}
	EndGlobalSection
EndGlobal
